
Microsoft Visual Studio Solution File, Format Version 12.00
# Visual Studio Version 17
VisualStudioVersion = 17.0.31903.59
MinimumVisualStudioVersion = 10.0.40219.1
Project("{FAE04EC0-301F-11D3-BF4B-00C04F79EFBC}") = "StageZero", "StageZero\StageZero.csproj", "{B5C7A8D2-E1F3-4567-89AB-CDE012345678}"
EndProject
Project("{FAE04EC0-301F-11D3-BF4B-00C04F79EFBC}") = "StageZero.ReverseProxy", "StageZero.ReverseProxy\StageZero.ReverseProxy.csproj", "{DED3D7EE-45C4-49E3-BD9A-BBAC4B3D23A9}"
EndProject
Project("{FAE04EC0-301F-11D3-BF4B-00C04F79EFBC}") = "Lifted.BlazorAuth.Basic", "Lifted.BlazorAuth.Basic\Lifted.BlazorAuth.Basic.csproj", "{1833A0DF-16D2-42AC-A338-F174F4585151}"
EndProject
Project("{FAE04EC0-301F-11D3-BF4B-00C04F79EFBC}") = "Lifted.BlazorAuth.AspNetIdentity", "Lifted.BlazorAuth.AspNetIdentity\Lifted.BlazorAuth.AspNetIdentity.csproj", "{C80727C7-75FA-431B-9F54-D3B11AC49DA6}"
EndProject
Global
	GlobalSection(SolutionConfigurationPlatforms) = preSolution
		Debug|Any CPU = Debug|Any CPU
		Debug|x64 = Debug|x64
		Debug|x86 = Debug|x86
		Release|Any CPU = Release|Any CPU
		Release|x64 = Release|x64
		Release|x86 = Release|x86
	EndGlobalSection
	GlobalSection(ProjectConfigurationPlatforms) = postSolution
		{B5C7A8D2-E1F3-4567-89AB-CDE012345678}.Debug|Any CPU.ActiveCfg = Debug|Any CPU
		{B5C7A8D2-E1F3-4567-89AB-CDE012345678}.Debug|Any CPU.Build.0 = Debug|Any CPU
		{B5C7A8D2-E1F3-4567-89AB-CDE012345678}.Debug|x64.ActiveCfg = Debug|Any CPU
		{B5C7A8D2-E1F3-4567-89AB-CDE012345678}.Debug|x64.Build.0 = Debug|Any CPU
		{B5C7A8D2-E1F3-4567-89AB-CDE012345678}.Debug|x86.ActiveCfg = Debug|Any CPU
		{B5C7A8D2-E1F3-4567-89AB-CDE012345678}.Debug|x86.Build.0 = Debug|Any CPU
		{B5C7A8D2-E1F3-4567-89AB-CDE012345678}.Release|Any CPU.ActiveCfg = Release|Any CPU
		{B5C7A8D2-E1F3-4567-89AB-CDE012345678}.Release|Any CPU.Build.0 = Release|Any CPU
		{B5C7A8D2-E1F3-4567-89AB-CDE012345678}.Release|x64.ActiveCfg = Release|Any CPU
		{B5C7A8D2-E1F3-4567-89AB-CDE012345678}.Release|x64.Build.0 = Release|Any CPU
		{B5C7A8D2-E1F3-4567-89AB-CDE012345678}.Release|x86.ActiveCfg = Release|Any CPU
		{B5C7A8D2-E1F3-4567-89AB-CDE012345678}.Release|x86.Build.0 = Release|Any CPU
		{DED3D7EE-45C4-49E3-BD9A-BBAC4B3D23A9}.Debug|Any CPU.ActiveCfg = Debug|Any CPU
		{DED3D7EE-45C4-49E3-BD9A-BBAC4B3D23A9}.Debug|Any CPU.Build.0 = Debug|Any CPU
		{DED3D7EE-45C4-49E3-BD9A-BBAC4B3D23A9}.Debug|x64.ActiveCfg = Debug|Any CPU
		{DED3D7EE-45C4-49E3-BD9A-BBAC4B3D23A9}.Debug|x64.Build.0 = Debug|Any CPU
		{DED3D7EE-45C4-49E3-BD9A-BBAC4B3D23A9}.Debug|x86.ActiveCfg = Debug|Any CPU
		{DED3D7EE-45C4-49E3-BD9A-BBAC4B3D23A9}.Debug|x86.Build.0 = Debug|Any CPU
		{DED3D7EE-45C4-49E3-BD9A-BBAC4B3D23A9}.Release|Any CPU.ActiveCfg = Release|Any CPU
		{DED3D7EE-45C4-49E3-BD9A-BBAC4B3D23A9}.Release|Any CPU.Build.0 = Release|Any CPU
		{DED3D7EE-45C4-49E3-BD9A-BBAC4B3D23A9}.Release|x64.ActiveCfg = Release|Any CPU
		{DED3D7EE-45C4-49E3-BD9A-BBAC4B3D23A9}.Release|x64.Build.0 = Release|Any CPU
		{DED3D7EE-45C4-49E3-BD9A-BBAC4B3D23A9}.Release|x86.ActiveCfg = Release|Any CPU
		{DED3D7EE-45C4-49E3-BD9A-BBAC4B3D23A9}.Release|x86.Build.0 = Release|Any CPU
		{1833A0DF-16D2-42AC-A338-F174F4585151}.Debug|Any CPU.ActiveCfg = Debug|Any CPU
		{1833A0DF-16D2-42AC-A338-F174F4585151}.Debug|Any CPU.Build.0 = Debug|Any CPU
		{1833A0DF-16D2-42AC-A338-F174F4585151}.Debug|x64.ActiveCfg = Debug|Any CPU
		{1833A0DF-16D2-42AC-A338-F174F4585151}.Debug|x64.Build.0 = Debug|Any CPU
		{1833A0DF-16D2-42AC-A338-F174F4585151}.Debug|x86.ActiveCfg = Debug|Any CPU
		{1833A0DF-16D2-42AC-A338-F174F4585151}.Debug|x86.Build.0 = Debug|Any CPU
		{1833A0DF-16D2-42AC-A338-F174F4585151}.Release|Any CPU.ActiveCfg = Release|Any CPU
		{1833A0DF-16D2-42AC-A338-F174F4585151}.Release|Any CPU.Build.0 = Release|Any CPU
		{1833A0DF-16D2-42AC-A338-F174F4585151}.Release|x64.ActiveCfg = Release|Any CPU
		{1833A0DF-16D2-42AC-A338-F174F4585151}.Release|x64.Build.0 = Release|Any CPU
		{1833A0DF-16D2-42AC-A338-F174F4585151}.Release|x86.ActiveCfg = Release|Any CPU
		{1833A0DF-16D2-42AC-A338-F174F4585151}.Release|x86.Build.0 = Release|Any CPU
		{C80727C7-75FA-431B-9F54-D3B11AC49DA6}.Debug|Any CPU.ActiveCfg = Debug|Any CPU
		{C80727C7-75FA-431B-9F54-D3B11AC49DA6}.Debug|Any CPU.Build.0 = Debug|Any CPU
		{C80727C7-75FA-431B-9F54-D3B11AC49DA6}.Debug|x64.ActiveCfg = Debug|Any CPU
		{C80727C7-75FA-431B-9F54-D3B11AC49DA6}.Debug|x64.Build.0 = Debug|Any CPU
		{C80727C7-75FA-431B-9F54-D3B11AC49DA6}.Debug|x86.ActiveCfg = Debug|Any CPU
		{C80727C7-75FA-431B-9F54-D3B11AC49DA6}.Debug|x86.Build.0 = Debug|Any CPU
		{C80727C7-75FA-431B-9F54-D3B11AC49DA6}.Release|Any CPU.ActiveCfg = Release|Any CPU
		{C80727C7-75FA-431B-9F54-D3B11AC49DA6}.Release|Any CPU.Build.0 = Release|Any CPU
		{C80727C7-75FA-431B-9F54-D3B11AC49DA6}.Release|x64.ActiveCfg = Release|Any CPU
		{C80727C7-75FA-431B-9F54-D3B11AC49DA6}.Release|x64.Build.0 = Release|Any CPU
		{C80727C7-75FA-431B-9F54-D3B11AC49DA6}.Release|x86.ActiveCfg = Release|Any CPU
		{C80727C7-75FA-431B-9F54-D3B11AC49DA6}.Release|x86.Build.0 = Release|Any CPU
	EndGlobalSection
	GlobalSection(SolutionProperties) = preSolution
		HideSolutionNode = FALSE
	EndGlobalSection
EndGlobal
